// !$*UTF8*$!
{
	archiveVersion = 1;
	classes = {
	};
	objectVersion = 77;
	objects = {

/* Begin PBXBuildFile section */
		EA2113A92D576F4F00736B55 /* KeychainSwift in Frameworks */ = {isa = PBXBuildFile; productRef = EA2113A82D576F4F00736B55 /* KeychainSwift */; };
		EAA49BBB2D1190FD00F9F771 /* SwiftfulUI in Frameworks */ = {isa = PBXBuildFile; productRef = EAA49BBA2D1190FD00F9F771 /* SwiftfulUI */; };
		EAC0F1502D63415500A96A87 /* RevenueCat in Frameworks */ = {isa = PBXBuildFile; productRef = EAC0F14F2D63415500A96A87 /* RevenueCat */; };
		EACA512D2CD7C48B00D28C67 /* SDWebImageSwiftUI in Frameworks */ = {isa = PBXBuildFile; productRef = EACA512C2CD7C48B00D28C67 /* SDWebImageSwiftUI */; };
		EACA72D82CC90B45009E2C9B /* FirebaseAnalytics in Frameworks */ = {isa = PBXBuildFile; productRef = EACA72D72CC90B45009E2C9B /* FirebaseAnalytics */; };
		EACA72DA2CC90B45009E2C9B /* FirebaseAuth in Frameworks */ = {isa = PBXBuildFile; productRef = EACA72D92CC90B45009E2C9B /* FirebaseAuth */; };
		EACA72DC2CC90B45009E2C9B /* FirebaseAuthCombine-Community in Frameworks */ = {isa = PBXBuildFile; productRef = EACA72DB2CC90B45009E2C9B /* FirebaseAuthCombine-Community */; };
		EACA72DE2CC90B45009E2C9B /* FirebaseCore in Frameworks */ = {isa = PBXBuildFile; productRef = EACA72DD2CC90B45009E2C9B /* FirebaseCore */; };
		EACA72E02CC90B45009E2C9B /* FirebaseCrashlytics in Frameworks */ = {isa = PBXBuildFile; productRef = EACA72DF2CC90B45009E2C9B /* FirebaseCrashlytics */; };
		EACA72E22CC90B45009E2C9B /* FirebaseDatabase in Frameworks */ = {isa = PBXBuildFile; productRef = EACA72E12CC90B45009E2C9B /* FirebaseDatabase */; };
		EACA72E42CC90B45009E2C9B /* FirebaseFirestore in Frameworks */ = {isa = PBXBuildFile; productRef = EACA72E32CC90B45009E2C9B /* FirebaseFirestore */; };
		EACA72E62CC90B45009E2C9B /* FirebaseFunctions in Frameworks */ = {isa = PBXBuildFile; productRef = EACA72E52CC90B45009E2C9B /* FirebaseFunctions */; };
		EACA72E82CC90B45009E2C9B /* FirebaseMessaging in Frameworks */ = {isa = PBXBuildFile; productRef = EACA72E72CC90B45009E2C9B /* FirebaseMessaging */; };
		EACA72EA2CC90B45009E2C9B /* FirebaseStorage in Frameworks */ = {isa = PBXBuildFile; productRef = EACA72E92CC90B45009E2C9B /* FirebaseStorage */; };
		EACA72EC2CC90B45009E2C9B /* FirebaseStorageCombine-Community in Frameworks */ = {isa = PBXBuildFile; productRef = EACA72EB2CC90B45009E2C9B /* FirebaseStorageCombine-Community */; };
/* End PBXBuildFile section */

/* Begin PBXContainerItemProxy section */
		EACA72B42CC90A67009E2C9B /* PBXContainerItemProxy */ = {
			isa = PBXContainerItemProxy;
			containerPortal = EACA729B2CC90A64009E2C9B /* Project object */;
			proxyType = 1;
			remoteGlobalIDString = EACA72A22CC90A64009E2C9B;
			remoteInfo = SYNC;
		};
		EACA72BE2CC90A67009E2C9B /* PBXContainerItemProxy */ = {
			isa = PBXContainerItemProxy;
			containerPortal = EACA729B2CC90A64009E2C9B /* Project object */;
			proxyType = 1;
			remoteGlobalIDString = EACA72A22CC90A64009E2C9B;
			remoteInfo = SYNC;
		};
/* End PBXContainerItemProxy section */

/* Begin PBXFileReference section */
		EAA03D792D5FE598000EDD45 /* StoreKit.framework */ = {isa = PBXFileReference; lastKnownFileType = wrapper.framework; name = StoreKit.framework; path = System/Library/Frameworks/StoreKit.framework; sourceTree = SDKROOT; };
		EACA72A32CC90A64009E2C9B /* SYNC.app */ = {isa = PBXFileReference; explicitFileType = wrapper.application; includeInIndex = 0; path = SYNC.app; sourceTree = BUILT_PRODUCTS_DIR; };
		EACA72B32CC90A67009E2C9B /* SYNCTests.xctest */ = {isa = PBXFileReference; explicitFileType = wrapper.cfbundle; includeInIndex = 0; path = SYNCTests.xctest; sourceTree = BUILT_PRODUCTS_DIR; };
		EACA72BD2CC90A67009E2C9B /* SYNCUITests.xctest */ = {isa = PBXFileReference; explicitFileType = wrapper.cfbundle; includeInIndex = 0; path = SYNCUITests.xctest; sourceTree = BUILT_PRODUCTS_DIR; };
/* End PBXFileReference section */

/* Begin PBXFileSystemSynchronizedBuildFileExceptionSet section */
		EA8FD08F2DF92FF600C7D884 /* Exceptions for "SYNC" folder in "SYNC" target */ = {
			isa = PBXFileSystemSynchronizedBuildFileExceptionSet;
			membershipExceptions = (
				Info.plist,
			);
			target = EACA72A22CC90A64009E2C9B /* SYNC */;
		};
/* End PBXFileSystemSynchronizedBuildFileExceptionSet section */

/* Begin PBXFileSystemSynchronizedRootGroup section */
		EACA72A52CC90A64009E2C9B /* SYNC */ = {
			isa = PBXFileSystemSynchronizedRootGroup;
			exceptions = (
				EA8FD08F2DF92FF600C7D884 /* Exceptions for "SYNC" folder in "SYNC" target */,
			);
			path = SYNC;
			sourceTree = "<group>";
		};
		EACA72B62CC90A67009E2C9B /* SYNCTests */ = {
			isa = PBXFileSystemSynchronizedRootGroup;
			path = SYNCTests;
			sourceTree = "<group>";
		};
		EACA72C02CC90A67009E2C9B /* SYNCUITests */ = {
			isa = PBXFileSystemSynchronizedRootGroup;
			path = SYNCUITests;
			sourceTree = "<group>";
		};
/* End PBXFileSystemSynchronizedRootGroup section */

/* Begin PBXFrameworksBuildPhase section */
		EACA72A02CC90A64009E2C9B /* Frameworks */ = {
			isa = PBXFrameworksBuildPhase;
			buildActionMask = 2147483647;
			files = (
				EACA512D2CD7C48B00D28C67 /* SDWebImageSwiftUI in Frameworks */,
				EACA72EC2CC90B45009E2C9B /* FirebaseStorageCombine-Community in Frameworks */,
				EAC0F1502D63415500A96A87 /* RevenueCat in Frameworks */,
				EACA72E82CC90B45009E2C9B /* FirebaseMessaging in Frameworks */,
				EACA72E22CC90B45009E2C9B /* FirebaseDatabase in Frameworks */,
				EAA49BBB2D1190FD00F9F771 /* SwiftfulUI in Frameworks */,
				EACA72D82CC90B45009E2C9B /* FirebaseAnalytics in Frameworks */,
				EACA72EA2CC90B45009E2C9B /* FirebaseStorage in Frameworks */,
				EACA72DC2CC90B45009E2C9B /* FirebaseAuthCombine-Community in Frameworks */,
				EACA72E62CC90B45009E2C9B /* FirebaseFunctions in Frameworks */,
				EACA72E02CC90B45009E2C9B /* FirebaseCrashlytics in Frameworks */,
				EA2113A92D576F4F00736B55 /* KeychainSwift in Frameworks */,
				EACA72DE2CC90B45009E2C9B /* FirebaseCore in Frameworks */,
				EACA72DA2CC90B45009E2C9B /* FirebaseAuth in Frameworks */,
				EACA72E42CC90B45009E2C9B /* FirebaseFirestore in Frameworks */,
			);
			runOnlyForDeploymentPostprocessing = 0;
		};
		EACA72B02CC90A67009E2C9B /* Frameworks */ = {
			isa = PBXFrameworksBuildPhase;
			buildActionMask = 2147483647;
			files = (
			);
			runOnlyForDeploymentPostprocessing = 0;
		};
		EACA72BA2CC90A67009E2C9B /* Frameworks */ = {
			isa = PBXFrameworksBuildPhase;
			buildActionMask = 2147483647;
			files = (
			);
			runOnlyForDeploymentPostprocessing = 0;
		};
/* End PBXFrameworksBuildPhase section */

/* Begin PBXGroup section */
		EACA512B2CD7C48B00D28C67 /* Frameworks */ = {
			isa = PBXGroup;
			children = (
				EAA03D792D5FE598000EDD45 /* StoreKit.framework */,
			);
			name = Frameworks;
			sourceTree = "<group>";
		};
		EACA729A2CC90A64009E2C9B = {
			isa = PBXGroup;
			children = (
				EACA72A52CC90A64009E2C9B /* SYNC */,
				EACA72B62CC90A67009E2C9B /* SYNCTests */,
				EACA72C02CC90A67009E2C9B /* SYNCUITests */,
				EACA512B2CD7C48B00D28C67 /* Frameworks */,
				EACA72A42CC90A64009E2C9B /* Products */,
			);
			sourceTree = "<group>";
		};
		EACA72A42CC90A64009E2C9B /* Products */ = {
			isa = PBXGroup;
			children = (
				EACA72A32CC90A64009E2C9B /* SYNC.app */,
				EACA72B32CC90A67009E2C9B /* SYNCTests.xctest */,
				EACA72BD2CC90A67009E2C9B /* SYNCUITests.xctest */,
			);
			name = Products;
			sourceTree = "<group>";
		};
/* End PBXGroup section */

/* Begin PBXNativeTarget section */
		EACA72A22CC90A64009E2C9B /* SYNC */ = {
			isa = PBXNativeTarget;
			buildConfigurationList = EACA72C72CC90A67009E2C9B /* Build configuration list for PBXNativeTarget "SYNC" */;
			buildPhases = (
				EACA729F2CC90A64009E2C9B /* Sources */,
				EACA72A02CC90A64009E2C9B /* Frameworks */,
				EACA72A12CC90A64009E2C9B /* Resources */,
			);
			buildRules = (
			);
			dependencies = (
			);
			fileSystemSynchronizedGroups = (
				EACA72A52CC90A64009E2C9B /* SYNC */,
			);
			name = SYNC;
			packageProductDependencies = (
				EACA72D72CC90B45009E2C9B /* FirebaseAnalytics */,
				EACA72D92CC90B45009E2C9B /* FirebaseAuth */,
				EACA72DB2CC90B45009E2C9B /* FirebaseAuthCombine-Community */,
				EACA72DD2CC90B45009E2C9B /* FirebaseCore */,
				EACA72DF2CC90B45009E2C9B /* FirebaseCrashlytics */,
				EACA72E12CC90B45009E2C9B /* FirebaseDatabase */,
				EACA72E32CC90B45009E2C9B /* FirebaseFirestore */,
				EACA72E52CC90B45009E2C9B /* FirebaseFunctions */,
				EACA72E72CC90B45009E2C9B /* FirebaseMessaging */,
				EACA72E92CC90B45009E2C9B /* FirebaseStorage */,
				EACA72EB2CC90B45009E2C9B /* FirebaseStorageCombine-Community */,
				EACA512C2CD7C48B00D28C67 /* SDWebImageSwiftUI */,
				EAA49BBA2D1190FD00F9F771 /* SwiftfulUI */,
				EA2113A82D576F4F00736B55 /* KeychainSwift */,
				EAC0F14F2D63415500A96A87 /* RevenueCat */,
			);
			productName = SYNC;
			productReference = EACA72A32CC90A64009E2C9B /* SYNC.app */;
			productType = "com.apple.product-type.application";
		};
		EACA72B22CC90A67009E2C9B /* SYNCTests */ = {
			isa = PBXNativeTarget;
			buildConfigurationList = EACA72CA2CC90A67009E2C9B /* Build configuration list for PBXNativeTarget "SYNCTests" */;
			buildPhases = (
				EACA72AF2CC90A67009E2C9B /* Sources */,
				EACA72B02CC90A67009E2C9B /* Frameworks */,
				EACA72B12CC90A67009E2C9B /* Resources */,
			);
			buildRules = (
			);
			dependencies = (
				EACA72B52CC90A67009E2C9B /* PBXTargetDependency */,
			);
			fileSystemSynchronizedGroups = (
				EACA72B62CC90A67009E2C9B /* SYNCTests */,
			);
			name = SYNCTests;
			packageProductDependencies = (
			);
			productName = SYNCTests;
			productReference = EACA72B32CC90A67009E2C9B /* SYNCTests.xctest */;
			productType = "com.apple.product-type.bundle.unit-test";
		};
		EACA72BC2CC90A67009E2C9B /* SYNCUITests */ = {
			isa = PBXNativeTarget;
			buildConfigurationList = EACA72CD2CC90A67009E2C9B /* Build configuration list for PBXNativeTarget "SYNCUITests" */;
			buildPhases = (
				EACA72B92CC90A67009E2C9B /* Sources */,
				EACA72BA2CC90A67009E2C9B /* Frameworks */,
				EACA72BB2CC90A67009E2C9B /* Resources */,
			);
			buildRules = (
			);
			dependencies = (
				EACA72BF2CC90A67009E2C9B /* PBXTargetDependency */,
			);
			fileSystemSynchronizedGroups = (
				EACA72C02CC90A67009E2C9B /* SYNCUITests */,
			);
			name = SYNCUITests;
			packageProductDependencies = (
			);
			productName = SYNCUITests;
			productReference = EACA72BD2CC90A67009E2C9B /* SYNCUITests.xctest */;
			productType = "com.apple.product-type.bundle.ui-testing";
		};
/* End PBXNativeTarget section */

/* Begin PBXProject section */
		EACA729B2CC90A64009E2C9B /* Project object */ = {
			isa = PBXProject;
			attributes = {
				BuildIndependentTargetsInParallel = 1;
				LastSwiftUpdateCheck = 1600;
				LastUpgradeCheck = 1600;
				TargetAttributes = {
					EACA72A22CC90A64009E2C9B = {
						CreatedOnToolsVersion = 16.0;
					};
					EACA72B22CC90A67009E2C9B = {
						CreatedOnToolsVersion = 16.0;
						TestTargetID = EACA72A22CC90A64009E2C9B;
					};
					EACA72BC2CC90A67009E2C9B = {
						CreatedOnToolsVersion = 16.0;
						TestTargetID = EACA72A22CC90A64009E2C9B;
					};
				};
			};
			buildConfigurationList = EACA729E2CC90A64009E2C9B /* Build configuration list for PBXProject "SYNC" */;
			developmentRegion = en;
			hasScannedForEncodings = 0;
			knownRegions = (
				en,
				Base,
			);
			mainGroup = EACA729A2CC90A64009E2C9B;
			minimizedProjectReferenceProxies = 1;
			packageReferences = (
				EACA72D62CC90B45009E2C9B /* XCRemoteSwiftPackageReference "firebase-ios-sdk" */,
				EACA512A2CD7C46F00D28C67 /* XCRemoteSwiftPackageReference "SDWebImageSwiftUI" */,
				EAA49BB92D11905100F9F771 /* XCRemoteSwiftPackageReference "SwiftfulUI" */,
				EA2113A72D576F4F00736B55 /* XCRemoteSwiftPackageReference "keychain-swift" */,
				EAC0F14E2D63413500A96A87 /* XCRemoteSwiftPackageReference "purchases-ios-spm" */,
			);
			preferredProjectObjectVersion = 77;
			productRefGroup = EACA72A42CC90A64009E2C9B /* Products */;
			projectDirPath = "";
			projectRoot = "";
			targets = (
				EACA72A22CC90A64009E2C9B /* SYNC */,
				EACA72B22CC90A67009E2C9B /* SYNCTests */,
				EACA72BC2CC90A67009E2C9B /* SYNCUITests */,
			);
		};
/* End PBXProject section */

/* Begin PBXResourcesBuildPhase section */
		EACA72A12CC90A64009E2C9B /* Resources */ = {
			isa = PBXResourcesBuildPhase;
			buildActionMask = 2147483647;
			files = (
			);
			runOnlyForDeploymentPostprocessing = 0;
		};
		EACA72B12CC90A67009E2C9B /* Resources */ = {
			isa = PBXResourcesBuildPhase;
			buildActionMask = 2147483647;
			files = (
			);
			runOnlyForDeploymentPostprocessing = 0;
		};
		EACA72BB2CC90A67009E2C9B /* Resources */ = {
			isa = PBXResourcesBuildPhase;
			buildActionMask = 2147483647;
			files = (
			);
			runOnlyForDeploymentPostprocessing = 0;
		};
/* End PBXResourcesBuildPhase section */

/* Begin PBXSourcesBuildPhase section */
		EACA729F2CC90A64009E2C9B /* Sources */ = {
			isa = PBXSourcesBuildPhase;
			buildActionMask = 2147483647;
			files = (
			);
			runOnlyForDeploymentPostprocessing = 0;
		};
		EACA72AF2CC90A67009E2C9B /* Sources */ = {
			isa = PBXSourcesBuildPhase;
			buildActionMask = 2147483647;
			files = (
			);
			runOnlyForDeploymentPostprocessing = 0;
		};
		EACA72B92CC90A67009E2C9B /* Sources */ = {
			isa = PBXSourcesBuildPhase;
			buildActionMask = 2147483647;
			files = (
			);
			runOnlyForDeploymentPostprocessing = 0;
		};
/* End PBXSourcesBuildPhase section */

/* Begin PBXTargetDependency section */
		EACA72B52CC90A67009E2C9B /* PBXTargetDependency */ = {
			isa = PBXTargetDependency;
			target = EACA72A22CC90A64009E2C9B /* SYNC */;
			targetProxy = EACA72B42CC90A67009E2C9B /* PBXContainerItemProxy */;
		};
		EACA72BF2CC90A67009E2C9B /* PBXTargetDependency */ = {
			isa = PBXTargetDependency;
			target = EACA72A22CC90A64009E2C9B /* SYNC */;
			targetProxy = EACA72BE2CC90A67009E2C9B /* PBXContainerItemProxy */;
		};
/* End PBXTargetDependency section */

/* Begin XCBuildConfiguration section */
		EACA72C52CC90A67009E2C9B /* Staging */ = {
			isa = XCBuildConfiguration;
			buildSettings = {
				ALWAYS_SEARCH_USER_PATHS = NO;
				ASSETCATALOG_COMPILER_GENERATE_SWIFT_ASSET_SYMBOL_EXTENSIONS = YES;
				CLANG_ANALYZER_NONNULL = YES;
				CLANG_ANALYZER_NUMBER_OBJECT_CONVERSION = YES_AGGRESSIVE;
				CLANG_CXX_LANGUAGE_STANDARD = "gnu++20";
				CLANG_ENABLE_MODULES = YES;
				CLANG_ENABLE_OBJC_ARC = YES;
				CLANG_ENABLE_OBJC_WEAK = YES;
				CLANG_WARN_BLOCK_CAPTURE_AUTORELEASING = YES;
				CLANG_WARN_BOOL_CONVERSION = YES;
				CLANG_WARN_COMMA = YES;
				CLANG_WARN_CONSTANT_CONVERSION = YES;
				CLANG_WARN_DEPRECATED_OBJC_IMPLEMENTATIONS = YES;
				CLANG_WARN_DIRECT_OBJC_ISA_USAGE = YES_ERROR;
				CLANG_WARN_DOCUMENTATION_COMMENTS = YES;
				CLANG_WARN_EMPTY_BODY = YES;
				CLANG_WARN_ENUM_CONVERSION = YES;
				CLANG_WARN_INFINITE_RECURSION = YES;
				CLANG_WARN_INT_CONVERSION = YES;
				CLANG_WARN_NON_LITERAL_NULL_CONVERSION = YES;
				CLANG_WARN_OBJC_IMPLICIT_RETAIN_SELF = YES;
				CLANG_WARN_OBJC_LITERAL_CONVERSION = YES;
				CLANG_WARN_OBJC_ROOT_CLASS = YES_ERROR;
				CLANG_WARN_QUOTED_INCLUDE_IN_FRAMEWORK_HEADER = YES;
				CLANG_WARN_RANGE_LOOP_ANALYSIS = YES;
				CLANG_WARN_STRICT_PROTOTYPES = YES;
				CLANG_WARN_SUSPICIOUS_MOVE = YES;
				CLANG_WARN_UNGUARDED_AVAILABILITY = YES_AGGRESSIVE;
				CLANG_WARN_UNREACHABLE_CODE = YES;
				CLANG_WARN__DUPLICATE_METHOD_MATCH = YES;
				COPY_PHASE_STRIP = NO;
				DEBUG_INFORMATION_FORMAT = dwarf;
				ENABLE_STRICT_OBJC_MSGSEND = YES;
				ENABLE_TESTABILITY = YES;
				ENABLE_USER_SCRIPT_SANDBOXING = YES;
				GCC_C_LANGUAGE_STANDARD = gnu17;
				GCC_DYNAMIC_NO_PIC = NO;
				GCC_NO_COMMON_BLOCKS = YES;
				GCC_OPTIMIZATION_LEVEL = 0;
				GCC_PREPROCESSOR_DEFINITIONS = (
					"DEBUG=1",
					"$(inherited)",
				);
				GCC_WARN_64_TO_32_BIT_CONVERSION = YES;
				GCC_WARN_ABOUT_RETURN_TYPE = YES_ERROR;
				GCC_WARN_UNDECLARED_SELECTOR = YES;
				GCC_WARN_UNINITIALIZED_AUTOS = YES_AGGRESSIVE;
				GCC_WARN_UNUSED_FUNCTION = YES;
				GCC_WARN_UNUSED_VARIABLE = YES;
				IPHONEOS_DEPLOYMENT_TARGET = 18.0;
				LOCALIZATION_PREFERS_STRING_CATALOGS = YES;
				MTL_ENABLE_DEBUG_INFO = INCLUDE_SOURCE;
				MTL_FAST_MATH = YES;
				ONLY_ACTIVE_ARCH = YES;
				SDKROOT = iphoneos;
				SWIFT_ACTIVE_COMPILATION_CONDITIONS = "STAGING $(inherited)";
				SWIFT_OPTIMIZATION_LEVEL = "-Onone";
			};
			name = Staging;
		};
		EACA72C62CC90A67009E2C9B /* Release */ = {
			isa = XCBuildConfiguration;
			buildSettings = {
				ALWAYS_SEARCH_USER_PATHS = NO;
				ASSETCATALOG_COMPILER_GENERATE_SWIFT_ASSET_SYMBOL_EXTENSIONS = YES;
				CLANG_ANALYZER_NONNULL = YES;
				CLANG_ANALYZER_NUMBER_OBJECT_CONVERSION = YES_AGGRESSIVE;
				CLANG_CXX_LANGUAGE_STANDARD = "gnu++20";
				CLANG_ENABLE_MODULES = YES;
				CLANG_ENABLE_OBJC_ARC = YES;
				CLANG_ENABLE_OBJC_WEAK = YES;
				CLANG_WARN_BLOCK_CAPTURE_AUTORELEASING = YES;
				CLANG_WARN_BOOL_CONVERSION = YES;
				CLANG_WARN_COMMA = YES;
				CLANG_WARN_CONSTANT_CONVERSION = YES;
				CLANG_WARN_DEPRECATED_OBJC_IMPLEMENTATIONS = YES;
				CLANG_WARN_DIRECT_OBJC_ISA_USAGE = YES_ERROR;
				CLANG_WARN_DOCUMENTATION_COMMENTS = YES;
				CLANG_WARN_EMPTY_BODY = YES;
				CLANG_WARN_ENUM_CONVERSION = YES;
				CLANG_WARN_INFINITE_RECURSION = YES;
				CLANG_WARN_INT_CONVERSION = YES;
				CLANG_WARN_NON_LITERAL_NULL_CONVERSION = YES;
				CLANG_WARN_OBJC_IMPLICIT_RETAIN_SELF = YES;
				CLANG_WARN_OBJC_LITERAL_CONVERSION = YES;
				CLANG_WARN_OBJC_ROOT_CLASS = YES_ERROR;
				CLANG_WARN_QUOTED_INCLUDE_IN_FRAMEWORK_HEADER = YES;
				CLANG_WARN_RANGE_LOOP_ANALYSIS = YES;
				CLANG_WARN_STRICT_PROTOTYPES = YES;
				CLANG_WARN_SUSPICIOUS_MOVE = YES;
				CLANG_WARN_UNGUARDED_AVAILABILITY = YES_AGGRESSIVE;
				CLANG_WARN_UNREACHABLE_CODE = YES;
				CLANG_WARN__DUPLICATE_METHOD_MATCH = YES;
				COPY_PHASE_STRIP = NO;
				DEBUG_INFORMATION_FORMAT = "dwarf-with-dsym";
				ENABLE_NS_ASSERTIONS = NO;
				ENABLE_STRICT_OBJC_MSGSEND = YES;
				ENABLE_USER_SCRIPT_SANDBOXING = YES;
				GCC_C_LANGUAGE_STANDARD = gnu17;
				GCC_NO_COMMON_BLOCKS = YES;
				GCC_WARN_64_TO_32_BIT_CONVERSION = YES;
				GCC_WARN_ABOUT_RETURN_TYPE = YES_ERROR;
				GCC_WARN_UNDECLARED_SELECTOR = YES;
				GCC_WARN_UNINITIALIZED_AUTOS = YES_AGGRESSIVE;
				GCC_WARN_UNUSED_FUNCTION = YES;
				GCC_WARN_UNUSED_VARIABLE = YES;
				IPHONEOS_DEPLOYMENT_TARGET = 18.0;
				LOCALIZATION_PREFERS_STRING_CATALOGS = YES;
				MTL_ENABLE_DEBUG_INFO = NO;
				MTL_FAST_MATH = YES;
				SDKROOT = iphoneos;
				SWIFT_ACTIVE_COMPILATION_CONDITIONS = RELEASE;
				SWIFT_COMPILATION_MODE = wholemodule;
				VALIDATE_PRODUCT = YES;
			};
			name = Release;
		};
		EACA72C82CC90A67009E2C9B /* Staging */ = {
			isa = XCBuildConfiguration;
			buildSettings = {
				ASSETCATALOG_COMPILER_APPICON_NAME = AppIcon;
				ASSETCATALOG_COMPILER_GLOBAL_ACCENT_COLOR_NAME = AccentColor;
				ASSETCATALOG_COMPILER_INCLUDE_ALL_APPICON_ASSETS = YES;
				CODE_SIGN_ENTITLEMENTS = SYNC/SYNC.entitlements;
				CODE_SIGN_STYLE = Automatic;
				CURRENT_PROJECT_VERSION = 1;
				DEBUG_INFORMATION_FORMAT = "dwarf-with-dsym";
				DEVELOPMENT_ASSET_PATHS = "\"SYNC/Preview Content\"";
				DEVELOPMENT_TEAM = 3GVGPA52LY;
				ENABLE_PREVIEWS = YES;
				GENERATE_INFOPLIST_FILE = YES;
				INFOPLIST_FILE = SYNC/Info.plist;
				INFOPLIST_KEY_CFBundleDisplayName = Syncc;
				INFOPLIST_KEY_UIApplicationSceneManifest_Generation = YES;
				INFOPLIST_KEY_UIApplicationSupportsIndirectInputEvents = YES;
				INFOPLIST_KEY_UILaunchStoryboardName = LaunchScreen;
				INFOPLIST_KEY_UISupportedInterfaceOrientations = UIInterfaceOrientationPortrait;
				INFOPLIST_KEY_UISupportedInterfaceOrientations_iPad = "UIInterfaceOrientationLandscapeLeft UIInterfaceOrientationLandscapeRight UIInterfaceOrientationPortrait UIInterfaceOrientationPortraitUpsideDown";
				INFOPLIST_KEY_UIUserInterfaceStyle = Light;
				IPHONEOS_DEPLOYMENT_TARGET = 17.6;
				LD_RUNPATH_SEARCH_PATHS = (
					"$(inherited)",
					"@executable_path/Frameworks",
				);
				MARKETING_VERSION = 1.0.1;
				PRODUCT_BUNDLE_IDENTIFIER = com.marcustiffen.SYNC;
				PRODUCT_NAME = "$(TARGET_NAME)";
				SUPPORTED_PLATFORMS = "iphoneos iphonesimulator";
				SUPPORTS_MACCATALYST = NO;
				SUPPORTS_MAC_DESIGNED_FOR_IPHONE_IPAD = NO;
				SUPPORTS_XR_DESIGNED_FOR_IPHONE_IPAD = NO;
				SWIFT_EMIT_LOC_STRINGS = YES;
				SWIFT_VERSION = 5.0;
				TARGETED_DEVICE_FAMILY = 1;
			};
			name = Staging;
		};
		EACA72C92CC90A67009E2C9B /* Release */ = {
			isa = XCBuildConfiguration;
			buildSettings = {
				ASSETCATALOG_COMPILER_APPICON_NAME = AppIcon;
				ASSETCATALOG_COMPILER_GLOBAL_ACCENT_COLOR_NAME = AccentColor;
				ASSETCATALOG_COMPILER_INCLUDE_ALL_APPICON_ASSETS = YES;
				CODE_SIGN_ENTITLEMENTS = SYNC/SYNC.entitlements;
				CODE_SIGN_STYLE = Automatic;
				CURRENT_PROJECT_VERSION = 1;
				DEVELOPMENT_ASSET_PATHS = "\"SYNC/Preview Content\"";
				DEVELOPMENT_TEAM = 3GVGPA52LY;
				ENABLE_PREVIEWS = YES;
				GENERATE_INFOPLIST_FILE = YES;
				INFOPLIST_FILE = SYNC/Info.plist;
				INFOPLIST_KEY_CFBundleDisplayName = Syncc;
				INFOPLIST_KEY_UIApplicationSceneManifest_Generation = YES;
				INFOPLIST_KEY_UIApplicationSupportsIndirectInputEvents = YES;
				INFOPLIST_KEY_UILaunchStoryboardName = LaunchScreen;
				INFOPLIST_KEY_UISupportedInterfaceOrientations = UIInterfaceOrientationPortrait;
				INFOPLIST_KEY_UISupportedInterfaceOrientations_iPad = "UIInterfaceOrientationLandscapeLeft UIInterfaceOrientationLandscapeRight UIInterfaceOrientationPortrait UIInterfaceOrientationPortraitUpsideDown";
				INFOPLIST_KEY_UIUserInterfaceStyle = Light;
				IPHONEOS_DEPLOYMENT_TARGET = 17.6;
				LD_RUNPATH_SEARCH_PATHS = (
					"$(inherited)",
					"@executable_path/Frameworks",
				);
				MARKETING_VERSION = 1.0.1;
				PRODUCT_BUNDLE_IDENTIFIER = com.marcustiffen.SYNC;
				PRODUCT_NAME = "$(TARGET_NAME)";
				SUPPORTED_PLATFORMS = "iphoneos iphonesimulator";
				SUPPORTS_MACCATALYST = NO;
				SUPPORTS_MAC_DESIGNED_FOR_IPHONE_IPAD = NO;
				SUPPORTS_XR_DESIGNED_FOR_IPHONE_IPAD = NO;
				SWIFT_EMIT_LOC_STRINGS = YES;
				SWIFT_VERSION = 5.0;
				TARGETED_DEVICE_FAMILY = 1;
			};
			name = Release;
		};
		EACA72CB2CC90A67009E2C9B /* Staging */ = {
			isa = XCBuildConfiguration;
			buildSettings = {
				BUNDLE_LOADER = "$(TEST_HOST)";
				CODE_SIGN_STYLE = Automatic;
				CURRENT_PROJECT_VERSION = 1;
				DEVELOPMENT_TEAM = 3GVGPA52LY;
				GENERATE_INFOPLIST_FILE = YES;
				IPHONEOS_DEPLOYMENT_TARGET = 18.0;
				MARKETING_VERSION = 1.0;
				PRODUCT_BUNDLE_IDENTIFIER = com.marcustiffen.SYNCTests;
				PRODUCT_NAME = "$(TARGET_NAME)";
				SWIFT_EMIT_LOC_STRINGS = NO;
				SWIFT_VERSION = 5.0;
				TARGETED_DEVICE_FAMILY = "1,2";
				TEST_HOST = "$(BUILT_PRODUCTS_DIR)/SYNC.app/$(BUNDLE_EXECUTABLE_FOLDER_PATH)/SYNC";
			};
			name = Staging;
		};
		EACA72CC2CC90A67009E2C9B /* Release */ = {
			isa = XCBuildConfiguration;
			buildSettings = {
				BUNDLE_LOADER = "$(TEST_HOST)";
				CODE_SIGN_STYLE = Automatic;
				CURRENT_PROJECT_VERSION = 1;
				DEVELOPMENT_TEAM = 3GVGPA52LY;
				GENERATE_INFOPLIST_FILE = YES;
				IPHONEOS_DEPLOYMENT_TARGET = 18.0;
				MARKETING_VERSION = 1.0;
				PRODUCT_BUNDLE_IDENTIFIER = com.marcustiffen.SYNCTests;
				PRODUCT_NAME = "$(TARGET_NAME)";
				SWIFT_EMIT_LOC_STRINGS = NO;
				SWIFT_VERSION = 5.0;
				TARGETED_DEVICE_FAMILY = "1,2";
				TEST_HOST = "$(BUILT_PRODUCTS_DIR)/SYNC.app/$(BUNDLE_EXECUTABLE_FOLDER_PATH)/SYNC";
			};
			name = Release;
		};
		EACA72CE2CC90A67009E2C9B /* Staging */ = {
			isa = XCBuildConfiguration;
			buildSettings = {
				CODE_SIGN_STYLE = Automatic;
				CURRENT_PROJECT_VERSION = 1;
				DEVELOPMENT_TEAM = 3GVGPA52LY;
				GENERATE_INFOPLIST_FILE = YES;
				MARKETING_VERSION = 1.0;
				PRODUCT_BUNDLE_IDENTIFIER = com.marcustiffen.SYNCUITests;
				PRODUCT_NAME = "$(TARGET_NAME)";
				SWIFT_EMIT_LOC_STRINGS = NO;
				SWIFT_VERSION = 5.0;
				TARGETED_DEVICE_FAMILY = "1,2";
				TEST_TARGET_NAME = SYNC;
			};
			name = Staging;
		};
		EACA72CF2CC90A67009E2C9B /* Release */ = {
			isa = XCBuildConfiguration;
			buildSettings = {
				CODE_SIGN_STYLE = Automatic;
				CURRENT_PROJECT_VERSION = 1;
				DEVELOPMENT_TEAM = 3GVGPA52LY;
				GENERATE_INFOPLIST_FILE = YES;
				MARKETING_VERSION = 1.0;
				PRODUCT_BUNDLE_IDENTIFIER = com.marcustiffen.SYNCUITests;
				PRODUCT_NAME = "$(TARGET_NAME)";
				SWIFT_EMIT_LOC_STRINGS = NO;
				SWIFT_VERSION = 5.0;
				TARGETED_DEVICE_FAMILY = "1,2";
				TEST_TARGET_NAME = SYNC;
			};
			name = Release;
		};
/* End XCBuildConfiguration section */

/* Begin XCConfigurationList section */
		EACA729E2CC90A64009E2C9B /* Build configuration list for PBXProject "SYNC" */ = {
			isa = XCConfigurationList;
			buildConfigurations = (
				EACA72C52CC90A67009E2C9B /* Staging */,
				EACA72C62CC90A67009E2C9B /* Release */,
			);
			defaultConfigurationIsVisible = 0;
			defaultConfigurationName = Release;
		};
		EACA72C72CC90A67009E2C9B /* Build configuration list for PBXNativeTarget "SYNC" */ = {
			isa = XCConfigurationList;
			buildConfigurations = (
				EACA72C82CC90A67009E2C9B /* Staging */,
				EACA72C92CC90A67009E2C9B /* Release */,
			);
			defaultConfigurationIsVisible = 0;
			defaultConfigurationName = Release;
		};
		EACA72CA2CC90A67009E2C9B /* Build configuration list for PBXNativeTarget "SYNCTests" */ = {
			isa = XCConfigurationList;
			buildConfigurations = (
				EACA72CB2CC90A67009E2C9B /* Staging */,
				EACA72CC2CC90A67009E2C9B /* Release */,
			);
			defaultConfigurationIsVisible = 0;
			defaultConfigurationName = Release;
		};
		EACA72CD2CC90A67009E2C9B /* Build configuration list for PBXNativeTarget "SYNCUITests" */ = {
			isa = XCConfigurationList;
			buildConfigurations = (
				EACA72CE2CC90A67009E2C9B /* Staging */,
				EACA72CF2CC90A67009E2C9B /* Release */,
			);
			defaultConfigurationIsVisible = 0;
			defaultConfigurationName = Release;
		};
/* End XCConfigurationList section */

/* Begin XCRemoteSwiftPackageReference section */
		EA2113A72D576F4F00736B55 /* XCRemoteSwiftPackageReference "keychain-swift" */ = {
			isa = XCRemoteSwiftPackageReference;
			repositoryURL = "https://github.com/evgenyneu/keychain-swift";
			requirement = {
				kind = upToNextMajorVersion;
				minimumVersion = 24.0.0;
			};
		};
		EAA49BB92D11905100F9F771 /* XCRemoteSwiftPackageReference "SwiftfulUI" */ = {
			isa = XCRemoteSwiftPackageReference;
			repositoryURL = "https://github.com/SwiftfulThinking/SwiftfulUI";
			requirement = {
				kind = upToNextMajorVersion;
				minimumVersion = 1.2.0;
			};
		};
		EAC0F14E2D63413500A96A87 /* XCRemoteSwiftPackageReference "purchases-ios-spm" */ = {
			isa = XCRemoteSwiftPackageReference;
			repositoryURL = "https://github.com/RevenueCat/purchases-ios-spm.git";
			requirement = {
				kind = upToNextMajorVersion;
				minimumVersion = 5.16.1;
			};
		};
		EACA512A2CD7C46F00D28C67 /* XCRemoteSwiftPackageReference "SDWebImageSwiftUI" */ = {
			isa = XCRemoteSwiftPackageReference;
			repositoryURL = "https://github.com/SDWebImage/SDWebImageSwiftUI.git";
			requirement = {
				kind = upToNextMajorVersion;
				minimumVersion = 3.1.2;
			};
		};
		EACA72D62CC90B45009E2C9B /* XCRemoteSwiftPackageReference "firebase-ios-sdk" */ = {
			isa = XCRemoteSwiftPackageReference;
			repositoryURL = "https://github.com/firebase/firebase-ios-sdk.git";
			requirement = {
				kind = upToNextMajorVersion;
				minimumVersion = 11.4.0;
			};
		};
/* End XCRemoteSwiftPackageReference section */

/* Begin XCSwiftPackageProductDependency section */
		EA2113A82D576F4F00736B55 /* KeychainSwift */ = {
			isa = XCSwiftPackageProductDependency;
			package = EA2113A72D576F4F00736B55 /* XCRemoteSwiftPackageReference "keychain-swift" */;
			productName = KeychainSwift;
		};
		EAA49BBA2D1190FD00F9F771 /* SwiftfulUI */ = {
			isa = XCSwiftPackageProductDependency;
			package = EAA49BB92D11905100F9F771 /* XCRemoteSwiftPackageReference "SwiftfulUI" */;
			productName = SwiftfulUI;
		};
		EAC0F14F2D63415500A96A87 /* RevenueCat */ = {
			isa = XCSwiftPackageProductDependency;
			package = EAC0F14E2D63413500A96A87 /* XCRemoteSwiftPackageReference "purchases-ios-spm" */;
			productName = RevenueCat;
		};
		EACA512C2CD7C48B00D28C67 /* SDWebImageSwiftUI */ = {
			isa = XCSwiftPackageProductDependency;
			package = EACA512A2CD7C46F00D28C67 /* XCRemoteSwiftPackageReference "SDWebImageSwiftUI" */;
			productName = SDWebImageSwiftUI;
		};
		EACA72D72CC90B45009E2C9B /* FirebaseAnalytics */ = {
			isa = XCSwiftPackageProductDependency;
			package = EACA72D62CC90B45009E2C9B /* XCRemoteSwiftPackageReference "firebase-ios-sdk" */;
			productName = FirebaseAnalytics;
		};
		EACA72D92CC90B45009E2C9B /* FirebaseAuth */ = {
			isa = XCSwiftPackageProductDependency;
			package = EACA72D62CC90B45009E2C9B /* XCRemoteSwiftPackageReference "firebase-ios-sdk" */;
			productName = FirebaseAuth;
		};
		EACA72DB2CC90B45009E2C9B /* FirebaseAuthCombine-Community */ = {
			isa = XCSwiftPackageProductDependency;
			package = EACA72D62CC90B45009E2C9B /* XCRemoteSwiftPackageReference "firebase-ios-sdk" */;
			productName = "FirebaseAuthCombine-Community";
		};
		EACA72DD2CC90B45009E2C9B /* FirebaseCore */ = {
			isa = XCSwiftPackageProductDependency;
			package = EACA72D62CC90B45009E2C9B /* XCRemoteSwiftPackageReference "firebase-ios-sdk" */;
			productName = FirebaseCore;
		};
		EACA72DF2CC90B45009E2C9B /* FirebaseCrashlytics */ = {
			isa = XCSwiftPackageProductDependency;
			package = EACA72D62CC90B45009E2C9B /* XCRemoteSwiftPackageReference "firebase-ios-sdk" */;
			productName = FirebaseCrashlytics;
		};
		EACA72E12CC90B45009E2C9B /* FirebaseDatabase */ = {
			isa = XCSwiftPackageProductDependency;
			package = EACA72D62CC90B45009E2C9B /* XCRemoteSwiftPackageReference "firebase-ios-sdk" */;
			productName = FirebaseDatabase;
		};
		EACA72E32CC90B45009E2C9B /* FirebaseFirestore */ = {
			isa = XCSwiftPackageProductDependency;
			package = EACA72D62CC90B45009E2C9B /* XCRemoteSwiftPackageReference "firebase-ios-sdk" */;
			productName = FirebaseFirestore;
		};
		EACA72E52CC90B45009E2C9B /* FirebaseFunctions */ = {
			isa = XCSwiftPackageProductDependency;
			package = EACA72D62CC90B45009E2C9B /* XCRemoteSwiftPackageReference "firebase-ios-sdk" */;
			productName = FirebaseFunctions;
		};
		EACA72E72CC90B45009E2C9B /* FirebaseMessaging */ = {
			isa = XCSwiftPackageProductDependency;
			package = EACA72D62CC90B45009E2C9B /* XCRemoteSwiftPackageReference "firebase-ios-sdk" */;
			productName = FirebaseMessaging;
		};
		EACA72E92CC90B45009E2C9B /* FirebaseStorage */ = {
			isa = XCSwiftPackageProductDependency;
			package = EACA72D62CC90B45009E2C9B /* XCRemoteSwiftPackageReference "firebase-ios-sdk" */;
			productName = FirebaseStorage;
		};
		EACA72EB2CC90B45009E2C9B /* FirebaseStorageCombine-Community */ = {
			isa = XCSwiftPackageProductDependency;
			package = EACA72D62CC90B45009E2C9B /* XCRemoteSwiftPackageReference "firebase-ios-sdk" */;
			productName = "FirebaseStorageCombine-Community";
		};
/* End XCSwiftPackageProductDependency section */
	};
	rootObject = EACA729B2CC90A64009E2C9B /* Project object */;
}
